// !$*UTF8*$!
{
	archiveVersion = 1;
	classes = {
	};
	objectVersion = 45;
	objects = {

/* Begin PBXBuildFile section */
		3A166AF30E7F6B8F00001374 /* RemotePad Server.icns in Resources */ = {isa = PBXBuildFile; fileRef = 3A166AF20E7F6B8F00001374 /* RemotePad Server.icns */; };
		3AB151190E7F5D0500FB4375 /* TCPServer.m in Sources */ = {isa = PBXBuildFile; fileRef = 3AB151180E7F5D0500FB4375 /* TCPServer.m */; };
		3AB1512C0E7F5D8B00FB4375 /* Carbon.framework in Frameworks */ = {isa = PBXBuildFile; fileRef = 3AB1512B0E7F5D8B00FB4375 /* Carbon.framework */; };
		3AB5FB580FA492B90027C02E /* MainMenu.xib in Resources */ = {isa = PBXBuildFile; fileRef = 3AB5FB560FA492B90027C02E /* MainMenu.xib */; };
		3AB5FB5C0FA496E30027C02E /* Credits.rtf in Resources */ = {isa = PBXBuildFile; fileRef = 2A37F4B9FDCFA73011CA2CEA /* Credits.rtf */; };
		3AB5FB5D0FA496E30027C02E /* InfoPlist.strings in Resources */ = {isa = PBXBuildFile; fileRef = 089C165FFE840EACC02AAC07 /* InfoPlist.strings */; };
		3AB5FB5E0FA496E30027C02E /* RemotePad Server.icns in Resources */ = {isa = PBXBuildFile; fileRef = 3A166AF20E7F6B8F00001374 /* RemotePad Server.icns */; };
		3AB5FB5F0FA496E30027C02E /* pointer.png in Resources */ = {isa = PBXBuildFile; fileRef = 5631BFD70F2A2FD80042B665 /* pointer.png */; };
		3AB5FB600FA496E30027C02E /* pointer-notconnected.png in Resources */ = {isa = PBXBuildFile; fileRef = 3AE7727B0F6108460021B2DE /* pointer-notconnected.png */; };
		3AB5FB610FA496E30027C02E /* MainMenu.xib in Resources */ = {isa = PBXBuildFile; fileRef = 3AB5FB560FA492B90027C02E /* MainMenu.xib */; };
		3AB5FB630FA496E30027C02E /* main.m in Sources */ = {isa = PBXBuildFile; fileRef = 2A37F4B0FDCFA73011CA2CEA /* main.m */; settings = {ATTRIBUTES = (); }; };
		3AB5FB640FA496E30027C02E /* TCPServer.m in Sources */ = {isa = PBXBuildFile; fileRef = 3AB151180E7F5D0500FB4375 /* TCPServer.m */; };
		3AB5FB650FA496E30027C02E /* AppController.m in Sources */ = {isa = PBXBuildFile; fileRef = 5650583E0F2A0A220067B358 /* AppController.m */; };
		3AB5FB670FA496E30027C02E /* Cocoa.framework in Frameworks */ = {isa = PBXBuildFile; fileRef = 1058C7A7FEA54F5311CA2CBB /* Cocoa.framework */; };
		3AB5FB680FA496E30027C02E /* Carbon.framework in Frameworks */ = {isa = PBXBuildFile; fileRef = 3AB1512B0E7F5D8B00FB4375 /* Carbon.framework */; };
		3AE7727C0F6108460021B2DE /* pointer-notconnected.png in Resources */ = {isa = PBXBuildFile; fileRef = 3AE7727B0F6108460021B2DE /* pointer-notconnected.png */; };
		5631BFD80F2A2FD80042B665 /* pointer.png in Resources */ = {isa = PBXBuildFile; fileRef = 5631BFD70F2A2FD80042B665 /* pointer.png */; };
		5650583F0F2A0A220067B358 /* AppController.m in Sources */ = {isa = PBXBuildFile; fileRef = 5650583E0F2A0A220067B358 /* AppController.m */; };
		8D15AC2C0486D014006FF6A4 /* Credits.rtf in Resources */ = {isa = PBXBuildFile; fileRef = 2A37F4B9FDCFA73011CA2CEA /* Credits.rtf */; };
		8D15AC2F0486D014006FF6A4 /* InfoPlist.strings in Resources */ = {isa = PBXBuildFile; fileRef = 089C165FFE840EACC02AAC07 /* InfoPlist.strings */; };
		8D15AC320486D014006FF6A4 /* main.m in Sources */ = {isa = PBXBuildFile; fileRef = 2A37F4B0FDCFA73011CA2CEA /* main.m */; settings = {ATTRIBUTES = (); }; };
		8D15AC340486D014006FF6A4 /* Cocoa.framework in Frameworks */ = {isa = PBXBuildFile; fileRef = 1058C7A7FEA54F5311CA2CBB /* Cocoa.framework */; };
/* End PBXBuildFile section */

/* Begin PBXFileReference section */
		089C1660FE840EACC02AAC07 /* English */ = {isa = PBXFileReference; fileEncoding = 10; lastKnownFileType = text.plist.strings; name = English; path = English.lproj/InfoPlist.strings; sourceTree = "<group>"; };
		1058C7A7FEA54F5311CA2CBB /* Cocoa.framework */ = {isa = PBXFileReference; lastKnownFileType = wrapper.framework; name = Cocoa.framework; path = /System/Library/Frameworks/Cocoa.framework; sourceTree = "<absolute>"; };
		13E42FBA07B3F13500E4EEF1 /* CoreData.framework */ = {isa = PBXFileReference; lastKnownFileType = wrapper.framework; name = CoreData.framework; path = /System/Library/Frameworks/CoreData.framework; sourceTree = "<absolute>"; };
		2A37F4B0FDCFA73011CA2CEA /* main.m */ = {isa = PBXFileReference; fileEncoding = 4; lastKnownFileType = sourcecode.c.objc; path = main.m; sourceTree = "<group>"; };
		2A37F4BAFDCFA73011CA2CEA /* English */ = {isa = PBXFileReference; lastKnownFileType = text.rtf; name = English; path = English.lproj/Credits.rtf; sourceTree = "<group>"; };
		2A37F4C4FDCFA73011CA2CEA /* AppKit.framework */ = {isa = PBXFileReference; lastKnownFileType = wrapper.framework; name = AppKit.framework; path = /System/Library/Frameworks/AppKit.framework; sourceTree = "<absolute>"; };
		2A37F4C5FDCFA73011CA2CEA /* Foundation.framework */ = {isa = PBXFileReference; lastKnownFileType = wrapper.framework; name = Foundation.framework; path = /System/Library/Frameworks/Foundation.framework; sourceTree = "<absolute>"; };
		32DBCF750370BD2300C91783 /* RemotePad Server_Prefix.pch */ = {isa = PBXFileReference; fileEncoding = 4; lastKnownFileType = sourcecode.c.h; path = "RemotePad Server_Prefix.pch"; sourceTree = "<group>"; };
		3A166AF20E7F6B8F00001374 /* RemotePad Server.icns */ = {isa = PBXFileReference; lastKnownFileType = image.icns; path = "RemotePad Server.icns"; sourceTree = "<group>"; };
		3A166AF50E7F6C6300001374 /* icon.xcf */ = {isa = PBXFileReference; lastKnownFileType = file; path = icon.xcf; sourceTree = "<group>"; };
		3A949A2F0F6391910069CD1D /* Version.h */ = {isa = PBXFileReference; fileEncoding = 4; lastKnownFileType = sourcecode.c.h; name = Version.h; path = ../Common/Version.h; sourceTree = SOURCE_ROOT; };
		3AB151170E7F5D0500FB4375 /* TCPServer.h */ = {isa = PBXFileReference; fileEncoding = 4; lastKnownFileType = sourcecode.c.h; path = TCPServer.h; sourceTree = "<group>"; };
		3AB151180E7F5D0500FB4375 /* TCPServer.m */ = {isa = PBXFileReference; fileEncoding = 4; lastKnownFileType = sourcecode.c.objc; path = TCPServer.m; sourceTree = "<group>"; };
		3AB1512B0E7F5D8B00FB4375 /* Carbon.framework */ = {isa = PBXFileReference; lastKnownFileType = wrapper.framework; name = Carbon.framework; path = /System/Library/Frameworks/Carbon.framework; sourceTree = "<absolute>"; };
		3AB5FB570FA492B90027C02E /* English */ = {isa = PBXFileReference; lastKnownFileType = file.xib; name = English; path = English.lproj/MainMenu.xib; sourceTree = "<group>"; };
		3AB5FB6C0FA496E30027C02E /* RemotePad Server.app */ = {isa = PBXFileReference; explicitFileType = wrapper.application; includeInIndex = 0; path = "RemotePad Server.app"; sourceTree = BUILT_PRODUCTS_DIR; };
		3AB5FB6E0FA496E30027C02E /* Info10.4.plist */ = {isa = PBXFileReference; lastKnownFileType = text.plist.xml; path = Info10.4.plist; sourceTree = "<group>"; };
		3AD7F5680F2C007F00CD6BF7 /* Event.h */ = {isa = PBXFileReference; fileEncoding = 4; lastKnownFileType = sourcecode.c.h; name = Event.h; path = ../Common/Event.h; sourceTree = SOURCE_ROOT; };
		3AD7F5690F2C00A500CD6BF7 /* inputevent.h */ = {isa = PBXFileReference; fileEncoding = 4; lastKnownFileType = sourcecode.c.h; name = inputevent.h; path = ../Common/inputevent.h; sourceTree = SOURCE_ROOT; };
		3AE7727B0F6108460021B2DE /* pointer-notconnected.png */ = {isa = PBXFileReference; lastKnownFileType = image.png; path = "pointer-notconnected.png"; sourceTree = "<group>"; };
		3AF6AE0C0F11A049005EDBB2 /* Makefile4dist */ = {isa = PBXFileReference; fileEncoding = 4; lastKnownFileType = text; path = Makefile4dist; sourceTree = "<group>"; };
		5631BFD70F2A2FD80042B665 /* pointer.png */ = {isa = PBXFileReference; lastKnownFileType = image.png; path = pointer.png; sourceTree = "<group>"; };
		5650583D0F2A0A220067B358 /* AppController.h */ = {isa = PBXFileReference; fileEncoding = 4; lastKnownFileType = sourcecode.c.h; path = AppController.h; sourceTree = "<group>"; };
		5650583E0F2A0A220067B358 /* AppController.m */ = {isa = PBXFileReference; fileEncoding = 4; lastKnownFileType = sourcecode.c.objc; path = AppController.m; sourceTree = "<group>"; };
		8D15AC360486D014006FF6A4 /* Info.plist */ = {isa = PBXFileReference; fileEncoding = 4; lastKnownFileType = text.plist.xml; path = Info.plist; sourceTree = "<group>"; };
		8D15AC370486D014006FF6A4 /* RemotePad Server.app */ = {isa = PBXFileReference; explicitFileType = wrapper.application; includeInIndex = 0; path = "RemotePad Server.app"; sourceTree = BUILT_PRODUCTS_DIR; };
/* End PBXFileReference section */

/* Begin PBXFrameworksBuildPhase section */
		3AB5FB660FA496E30027C02E /* Frameworks */ = {
			isa = PBXFrameworksBuildPhase;
			buildActionMask = 2147483647;
			files = (
				3AB5FB670FA496E30027C02E /* Cocoa.framework in Frameworks */,
				3AB5FB680FA496E30027C02E /* Carbon.framework in Frameworks */,
			);
			runOnlyForDeploymentPostprocessing = 0;
		};
		8D15AC330486D014006FF6A4 /* Frameworks */ = {
			isa = PBXFrameworksBuildPhase;
			buildActionMask = 2147483647;
			files = (
				8D15AC340486D014006FF6A4 /* Cocoa.framework in Frameworks */,
				3AB1512C0E7F5D8B00FB4375 /* Carbon.framework in Frameworks */,
			);
			runOnlyForDeploymentPostprocessing = 0;
		};
/* End PBXFrameworksBuildPhase section */

/* Begin PBXGroup section */
		1058C7A6FEA54F5311CA2CBB /* Linked Frameworks */ = {
			isa = PBXGroup;
			children = (
				1058C7A7FEA54F5311CA2CBB /* Cocoa.framework */,
			);
			name = "Linked Frameworks";
			sourceTree = "<group>";
		};
		1058C7A8FEA54F5311CA2CBB /* Other Frameworks */ = {
			isa = PBXGroup;
			children = (
				3AB1512B0E7F5D8B00FB4375 /* Carbon.framework */,
				2A37F4C4FDCFA73011CA2CEA /* AppKit.framework */,
				13E42FBA07B3F13500E4EEF1 /* CoreData.framework */,
				2A37F4C5FDCFA73011CA2CEA /* Foundation.framework */,
			);
			name = "Other Frameworks";
			sourceTree = "<group>";
		};
		19C28FB0FE9D524F11CA2CBB /* Products */ = {
			isa = PBXGroup;
			children = (
				8D15AC370486D014006FF6A4 /* RemotePad Server.app */,
				3AB5FB6C0FA496E30027C02E /* RemotePad Server.app */,
			);
			name = Products;
			sourceTree = "<group>";
		};
		2A37F4AAFDCFA73011CA2CEA /* RemotePad Server */ = {
			isa = PBXGroup;
			children = (
				2A37F4ABFDCFA73011CA2CEA /* Classes */,
				2A37F4AFFDCFA73011CA2CEA /* Other Sources */,
				2A37F4B8FDCFA73011CA2CEA /* Resources */,
				2A37F4C3FDCFA73011CA2CEA /* Frameworks */,
				19C28FB0FE9D524F11CA2CBB /* Products */,
				3A1A616B0E835FD4002C5A80 /* Windows Sources */,
				3A166BC80E7F6CC000001374 /* X11 Sources */,
			);
			name = "RemotePad Server";
			sourceTree = "<group>";
		};
		2A37F4ABFDCFA73011CA2CEA /* Classes */ = {
			isa = PBXGroup;
			children = (
				3AB151170E7F5D0500FB4375 /* TCPServer.h */,
				3AB151180E7F5D0500FB4375 /* TCPServer.m */,
				5650583D0F2A0A220067B358 /* AppController.h */,
				5650583E0F2A0A220067B358 /* AppController.m */,
			);
			name = Classes;
			sourceTree = "<group>";
		};
		2A37F4AFFDCFA73011CA2CEA /* Other Sources */ = {
			isa = PBXGroup;
			children = (
				3A949A2F0F6391910069CD1D /* Version.h */,
				2A37F4B0FDCFA73011CA2CEA /* main.m */,
				32DBCF750370BD2300C91783 /* RemotePad Server_Prefix.pch */,
			);
			name = "Other Sources";
			sourceTree = "<group>";
		};
		2A37F4B8FDCFA73011CA2CEA /* Resources */ = {
			isa = PBXGroup;
			children = (
				3AD7F5690F2C00A500CD6BF7 /* inputevent.h */,
				5631BFD70F2A2FD80042B665 /* pointer.png */,
				3AE7727B0F6108460021B2DE /* pointer-notconnected.png */,
				3A166AF50E7F6C6300001374 /* icon.xcf */,
				3AD7F5680F2C007F00CD6BF7 /* Event.h */,
				3A166AF20E7F6B8F00001374 /* RemotePad Server.icns */,
				2A37F4B9FDCFA73011CA2CEA /* Credits.rtf */,
				8D15AC360486D014006FF6A4 /* Info.plist */,
				089C165FFE840EACC02AAC07 /* InfoPlist.strings */,
				3AB5FB560FA492B90027C02E /* MainMenu.xib */,
				3AB5FB6E0FA496E30027C02E /* Info10.4.plist */,
			);
			name = Resources;
			sourceTree = "<group>";
		};
		2A37F4C3FDCFA73011CA2CEA /* Frameworks */ = {
			isa = PBXGroup;
			children = (
				1058C7A6FEA54F5311CA2CBB /* Linked Frameworks */,
				1058C7A8FEA54F5311CA2CBB /* Other Frameworks */,
			);
			name = Frameworks;
			sourceTree = "<group>";
		};
		3A166BC80E7F6CC000001374 /* X11 Sources */ = {
			isa = PBXGroup;
			children = (
				3AF6AE0C0F11A049005EDBB2 /* Makefile4dist */,
			);
			name = "X11 Sources";
			sourceTree = "<group>";
		};
		3A1A616B0E835FD4002C5A80 /* Windows Sources */ = {
			isa = PBXGroup;
			children = (
			);
			name = "Windows Sources";
			sourceTree = "<group>";
		};
/* End PBXGroup section */

/* Begin PBXNativeTarget section */
		3AB5FB5A0FA496E30027C02E /* RemotePad Server 10.4 */ = {
			isa = PBXNativeTarget;
			buildConfigurationList = 3AB5FB690FA496E30027C02E /* Build configuration list for PBXNativeTarget "RemotePad Server 10.4" */;
			buildPhases = (
				3AB5FB5B0FA496E30027C02E /* Resources */,
				3AB5FB620FA496E30027C02E /* Sources */,
				3AB5FB660FA496E30027C02E /* Frameworks */,
			);
			buildRules = (
			);
			dependencies = (
			);
			name = "RemotePad Server 10.4";
			productInstallPath = "$(HOME)/Applications";
			productName = "RemotePad Server";
			productReference = 3AB5FB6C0FA496E30027C02E /* RemotePad Server.app */;
			productType = "com.apple.product-type.application";
		};
		8D15AC270486D014006FF6A4 /* RemotePad Server */ = {
			isa = PBXNativeTarget;
			buildConfigurationList = C05733C708A9546B00998B17 /* Build configuration list for PBXNativeTarget "RemotePad Server" */;
			buildPhases = (
				8D15AC2B0486D014006FF6A4 /* Resources */,
				8D15AC300486D014006FF6A4 /* Sources */,
				8D15AC330486D014006FF6A4 /* Frameworks */,
			);
			buildRules = (
			);
			dependencies = (
			);
			name = "RemotePad Server";
			productInstallPath = "$(HOME)/Applications";
			productName = "RemotePad Server";
			productReference = 8D15AC370486D014006FF6A4 /* RemotePad Server.app */;
			productType = "com.apple.product-type.application";
		};
/* End PBXNativeTarget section */

/* Begin PBXProject section */
		2A37F4A9FDCFA73011CA2CEA /* Project object */ = {
			isa = PBXProject;
			buildConfigurationList = C05733CB08A9546B00998B17 /* Build configuration list for PBXProject "RemotePad Server" */;
			compatibilityVersion = "Xcode 3.1";
			hasScannedForEncodings = 1;
			mainGroup = 2A37F4AAFDCFA73011CA2CEA /* RemotePad Server */;
			projectDirPath = "";
			projectRoot = "";
			targets = (
				8D15AC270486D014006FF6A4 /* RemotePad Server */,
				3AB5FB5A0FA496E30027C02E /* RemotePad Server 10.4 */,
			);
		};
/* End PBXProject section */

/* Begin PBXResourcesBuildPhase section */
		3AB5FB5B0FA496E30027C02E /* Resources */ = {
			isa = PBXResourcesBuildPhase;
			buildActionMask = 2147483647;
			files = (
				3AB5FB5C0FA496E30027C02E /* Credits.rtf in Resources */,
				3AB5FB5D0FA496E30027C02E /* InfoPlist.strings in Resources */,
				3AB5FB5E0FA496E30027C02E /* RemotePad Server.icns in Resources */,
				3AB5FB5F0FA496E30027C02E /* pointer.png in Resources */,
				3AB5FB600FA496E30027C02E /* pointer-notconnected.png in Resources */,
				3AB5FB610FA496E30027C02E /* MainMenu.xib in Resources */,
			);
			runOnlyForDeploymentPostprocessing = 0;
		};
		8D15AC2B0486D014006FF6A4 /* Resources */ = {
			isa = PBXResourcesBuildPhase;
			buildActionMask = 2147483647;
			files = (
				8D15AC2C0486D014006FF6A4 /* Credits.rtf in Resources */,
				8D15AC2F0486D014006FF6A4 /* InfoPlist.strings in Resources */,
				3A166AF30E7F6B8F00001374 /* RemotePad Server.icns in Resources */,
				5631BFD80F2A2FD80042B665 /* pointer.png in Resources */,
				3AE7727C0F6108460021B2DE /* pointer-notconnected.png in Resources */,
				3AB5FB580FA492B90027C02E /* MainMenu.xib in Resources */,
			);
			runOnlyForDeploymentPostprocessing = 0;
		};
/* End PBXResourcesBuildPhase section */

/* Begin PBXSourcesBuildPhase section */
		3AB5FB620FA496E30027C02E /* Sources */ = {
			isa = PBXSourcesBuildPhase;
			buildActionMask = 2147483647;
			files = (
				3AB5FB630FA496E30027C02E /* main.m in Sources */,
				3AB5FB640FA496E30027C02E /* TCPServer.m in Sources */,
				3AB5FB650FA496E30027C02E /* AppController.m in Sources */,
			);
			runOnlyForDeploymentPostprocessing = 0;
		};
		8D15AC300486D014006FF6A4 /* Sources */ = {
			isa = PBXSourcesBuildPhase;
			buildActionMask = 2147483647;
			files = (
				8D15AC320486D014006FF6A4 /* main.m in Sources */,
				3AB151190E7F5D0500FB4375 /* TCPServer.m in Sources */,
				5650583F0F2A0A220067B358 /* AppController.m in Sources */,
			);
			runOnlyForDeploymentPostprocessing = 0;
		};
/* End PBXSourcesBuildPhase section */

/* Begin PBXVariantGroup section */
		089C165FFE840EACC02AAC07 /* InfoPlist.strings */ = {
			isa = PBXVariantGroup;
			children = (
				089C1660FE840EACC02AAC07 /* English */,
			);
			name = InfoPlist.strings;
			sourceTree = "<group>";
		};
		2A37F4B9FDCFA73011CA2CEA /* Credits.rtf */ = {
			isa = PBXVariantGroup;
			children = (
				2A37F4BAFDCFA73011CA2CEA /* English */,
			);
			name = Credits.rtf;
			sourceTree = "<group>";
		};
		3AB5FB560FA492B90027C02E /* MainMenu.xib */ = {
			isa = PBXVariantGroup;
			children = (
				3AB5FB570FA492B90027C02E /* English */,
			);
			name = MainMenu.xib;
			sourceTree = "<group>";
		};
/* End PBXVariantGroup section */

/* Begin XCBuildConfiguration section */
		3AB5FB6A0FA496E30027C02E /* Debug */ = {
			isa = XCBuildConfiguration;
			buildSettings = {
				ALWAYS_SEARCH_USER_PATHS = NO;
				COPY_PHASE_STRIP = NO;
				GCC_DYNAMIC_NO_PIC = NO;
				GCC_ENABLE_FIX_AND_CONTINUE = YES;
				GCC_MODEL_TUNING = G5;
				GCC_OPTIMIZATION_LEVEL = 0;
				GCC_PRECOMPILE_PREFIX_HEADER = YES;
				GCC_PREFIX_HEADER = "RemotePad Server_Prefix.pch";
				INFOPLIST_FILE = "/Users/kawamoto/iphone/RemotePad/trunk/Mac OS X/Info10.4.plist";
				INSTALL_PATH = "$(HOME)/Applications";
				MACOSX_DEPLOYMENT_TARGET = 10.4;
				PRODUCT_NAME = "RemotePad Server";
				SDKROOT = macosx10.4;
			};
			name = Debug;
		};
		3AB5FB6B0FA496E30027C02E /* Release */ = {
			isa = XCBuildConfiguration;
			buildSettings = {
				ALWAYS_SEARCH_USER_PATHS = NO;
				DEBUG_INFORMATION_FORMAT = "dwarf-with-dsym";
				GCC_MODEL_TUNING = G5;
				GCC_PRECOMPILE_PREFIX_HEADER = YES;
				GCC_PREFIX_HEADER = "RemotePad Server_Prefix.pch";
				INFOPLIST_FILE = "/Users/kawamoto/iphone/RemotePad/trunk/Mac OS X/Info10.4.plist";
				INSTALL_PATH = "$(HOME)/Applications";
				MACOSX_DEPLOYMENT_TARGET = 10.4;
				PRODUCT_NAME = "RemotePad Server";
				SDKROOT = macosx10.4;
			};
			name = Release;
		};
		C05733C808A9546B00998B17 /* Debug */ = {
			isa = XCBuildConfiguration;
			buildSettings = {
				ALWAYS_SEARCH_USER_PATHS = NO;
				COPY_PHASE_STRIP = NO;
				GCC_DYNAMIC_NO_PIC = NO;
				GCC_ENABLE_FIX_AND_CONTINUE = YES;
				GCC_MODEL_TUNING = G5;
				GCC_OPTIMIZATION_LEVEL = 0;
				GCC_PRECOMPILE_PREFIX_HEADER = YES;
				GCC_PREFIX_HEADER = "RemotePad Server_Prefix.pch";
				INFOPLIST_FILE = Info.plist;
				INSTALL_PATH = "$(HOME)/Applications";
				PRODUCT_NAME = "RemotePad Server";
			};
			name = Debug;
		};
		C05733C908A9546B00998B17 /* Release */ = {
			isa = XCBuildConfiguration;
			buildSettings = {
				ALWAYS_SEARCH_USER_PATHS = NO;
				DEBUG_INFORMATION_FORMAT = "dwarf-with-dsym";
				GCC_MODEL_TUNING = G5;
				GCC_PRECOMPILE_PREFIX_HEADER = YES;
				GCC_PREFIX_HEADER = "RemotePad Server_Prefix.pch";
				INFOPLIST_FILE = Info.plist;
				INSTALL_PATH = "$(HOME)/Applications";
				PRODUCT_NAME = "RemotePad Server";
			};
			name = Release;
		};
		C05733CC08A9546B00998B17 /* Debug */ = {
			isa = XCBuildConfiguration;
			buildSettings = {
				ARCHS = "$(ARCHS_STANDARD_32_BIT)";
				GCC_C_LANGUAGE_STANDARD = c99;
				GCC_OPTIMIZATION_LEVEL = 0;
				GCC_WARN_ABOUT_RETURN_TYPE = YES;
				GCC_WARN_UNUSED_VARIABLE = YES;
				ONLY_ACTIVE_ARCH = YES;
				PREBINDING = NO;
				SDKROOT = macosx10.5;
			};
			name = Debug;
		};
		C05733CD08A9546B00998B17 /* Release */ = {
			isa = XCBuildConfiguration;
			buildSettings = {
				ADDITIONAL_SDKS = "";
				ARCHS = "$(ARCHS_STANDARD_32_BIT)";
				GCC_C_LANGUAGE_STANDARD = c99;
				GCC_WARN_ABOUT_RETURN_TYPE = YES;
				GCC_WARN_UNUSED_VARIABLE = YES;
				PREBINDING = NO;
				SDKROOT = macosx10.5;
			};
			name = Release;
		};
/* End XCBuildConfiguration section */

/* Begin XCConfigurationList section */
		3AB5FB690FA496E30027C02E /* Build configuration list for PBXNativeTarget "RemotePad Server 10.4" */ = {
			isa = XCConfigurationList;
			buildConfigurations = (
				3AB5FB6A0FA496E30027C02E /* Debug */,
				3AB5FB6B0FA496E30027C02E /* Release */,
			);
			defaultConfigurationIsVisible = 0;
			defaultConfigurationName = Release;
		};
		C05733C708A9546B00998B17 /* Build configuration list for PBXNativeTarget "RemotePad Server" */ = {
			isa = XCConfigurationList;
			buildConfigurations = (
				C05733C808A9546B00998B17 /* Debug */,
				C05733C908A9546B00998B17 /* Release */,
			);
			defaultConfigurationIsVisible = 0;
			defaultConfigurationName = Release;
		};
		C05733CB08A9546B00998B17 /* Build configuration list for PBXProject "RemotePad Server" */ = {
			isa = XCConfigurationList;
			buildConfigurations = (
				C05733CC08A9546B00998B17 /* Debug */,
				C05733CD08A9546B00998B17 /* Release */,
			);
			defaultConfigurationIsVisible = 0;
			defaultConfigurationName = Release;
		};
/* End XCConfigurationList section */
	};
	rootObject = 2A37F4A9FDCFA73011CA2CEA /* Project object */;
}
